<?xml version="1.0" encoding="utf-8"?>
<Project ToolsVersion="4.0" xmlns="http://schemas.microsoft.com/developer/msbuild/2003">
  <ItemGroup>
    <ClInclude Include="clinq.h" />
    <ClInclude Include="darray.h" />
    <ClInclude Include="linq_bool.h">
      <Filter>LINQ</Filter>
    </ClInclude>
    <ClInclude Include="linq_data.h">
      <Filter>LINQ</Filter>
    </ClInclude>
    <ClInclude Include="linq_math.h">
      <Filter>LINQ</Filter>
    </ClInclude>
    <ClInclude Include="linq_query.h">
      <Filter>LINQ</Filter>
    </ClInclude>
    <ClInclude Include="linq_set.h">
      <Filter>LINQ</Filter>
    </ClInclude>
    <ClInclude Include="LINQ.h" />
    <ClInclude Include="functions.h" />
  </ItemGroup>
  <ItemGroup>
    <ClCompile Include="darray.c" />
    <ClCompile Include="darray_dispatcher.c" />
    <ClCompile Include="linq.c" />
  </ItemGroup>
  <ItemGroup>
    <Filter Include="LINQ">
      <UniqueIdentifier>{6d3aabd1-2b79-4085-9338-f781f07b496f}</UniqueIdentifier>
    </Filter>
  </ItemGroup>
</Project>