<?xml version="1.0" encoding="utf-8"?>
<Project ToolsVersion="4.0" xmlns="http://schemas.microsoft.com/developer/msbuild/2003">
  <ItemGroup>
    <ClInclude Include="clinq.h" />
    <ClInclude Include="types.h">
      <Filter>clinq</Filter>
    </ClInclude>
    <ClInclude Include="array.h">
      <Filter>clinq</Filter>
    </ClInclude>
    <ClInclude Include="list.h">
      <Filter>clinq</Filter>
    </ClInclude>
    <ClInclude Include="dict.h">
      <Filter>clinq</Filter>
    </ClInclude>
  </ItemGroup>
  <ItemGroup>
    <Filter Include="clinq">
      <UniqueIdentifier>{614c3edc-6939-47cc-8841-847c118d955a}</UniqueIdentifier>
    </Filter>
  </ItemGroup>
  <ItemGroup>
    <ClCompile Include="array.c" />
    <ClCompile Include="list.c" />
    <ClCompile Include="dict.c" />
  </ItemGroup>
</Project>